// !$*UTF8*$!
{
	archiveVersion = 1;
	classes = {
	};
	objectVersion = 50;
	objects = {

/* Begin PBXBuildFile section */
		7C754A9F238EA9FB008CAF9D /* AppDelegate.swift in Sources */ = {isa = PBXBuildFile; fileRef = 7C754A9E238EA9FB008CAF9D /* AppDelegate.swift */; };
		7C754AA1238EA9FB008CAF9D /* SceneDelegate.swift in Sources */ = {isa = PBXBuildFile; fileRef = 7C754AA0238EA9FB008CAF9D /* SceneDelegate.swift */; };
		7C754AA9238EA9FB008CAF9D /* PersistentLesson2.xcdatamodeld in Sources */ = {isa = PBXBuildFile; fileRef = 7C754AA7238EA9FB008CAF9D /* PersistentLesson2.xcdatamodeld */; };
		7C754AAB238EA9FC008CAF9D /* Assets.xcassets in Resources */ = {isa = PBXBuildFile; fileRef = 7C754AAA238EA9FC008CAF9D /* Assets.xcassets */; };
		7C754AAE238EA9FC008CAF9D /* LaunchScreen.storyboard in Resources */ = {isa = PBXBuildFile; fileRef = 7C754AAC238EA9FC008CAF9D /* LaunchScreen.storyboard */; };
		FA20DEDB239621DA0066040A /* Post+CoreDataClass.swift in Sources */ = {isa = PBXBuildFile; fileRef = FA20DED9239621DA0066040A /* Post+CoreDataClass.swift */; };
		FA20DEDC239621DA0066040A /* Post+CoreDataProperties.swift in Sources */ = {isa = PBXBuildFile; fileRef = FA20DEDA239621DA0066040A /* Post+CoreDataProperties.swift */; };
		FA8E171223952A2100D9796B /* DataManager.swift in Sources */ = {isa = PBXBuildFile; fileRef = FA8E170423952A2100D9796B /* DataManager.swift */; };
		FA8E171323952A2100D9796B /* DataManagerProtocol.swift in Sources */ = {isa = PBXBuildFile; fileRef = FA8E170523952A2100D9796B /* DataManagerProtocol.swift */; };
		FA8E171623952A2100D9796B /* CustomImagePostCollectionViewCell.swift in Sources */ = {isa = PBXBuildFile; fileRef = FA8E170923952A2100D9796B /* CustomImagePostCollectionViewCell.swift */; };
		FA8E171723952A2100D9796B /* CustomImagePostCollectionViewCell.xib in Resources */ = {isa = PBXBuildFile; fileRef = FA8E170A23952A2100D9796B /* CustomImagePostCollectionViewCell.xib */; };
		FA8E171823952A2100D9796B /* Main.storyboard in Resources */ = {isa = PBXBuildFile; fileRef = FA8E170B23952A2100D9796B /* Main.storyboard */; };
		FA8E171923952A2100D9796B /* PostTableViewCell.swift in Sources */ = {isa = PBXBuildFile; fileRef = FA8E170D23952A2100D9796B /* PostTableViewCell.swift */; };
		FA8E171A23952A2100D9796B /* PostTableViewCell.xib in Resources */ = {isa = PBXBuildFile; fileRef = FA8E170E23952A2100D9796B /* PostTableViewCell.xib */; };
		FA8E171B23952A2100D9796B /* PostDetailViewController.swift in Sources */ = {isa = PBXBuildFile; fileRef = FA8E171023952A2100D9796B /* PostDetailViewController.swift */; };
		FA8E171C23952A2100D9796B /* ProfileViewController.swift in Sources */ = {isa = PBXBuildFile; fileRef = FA8E171123952A2100D9796B /* ProfileViewController.swift */; };
		FA8E1722239532E800D9796B /* PostStructure.swift in Sources */ = {isa = PBXBuildFile; fileRef = FA8E1721239532E800D9796B /* PostStructure.swift */; };
/* End PBXBuildFile section */

/* Begin PBXFileReference section */
		7C754A9B238EA9FB008CAF9D /* PersistentLesson2.app */ = {isa = PBXFileReference; explicitFileType = wrapper.application; includeInIndex = 0; path = PersistentLesson2.app; sourceTree = BUILT_PRODUCTS_DIR; };
		7C754A9E238EA9FB008CAF9D /* AppDelegate.swift */ = {isa = PBXFileReference; lastKnownFileType = sourcecode.swift; path = AppDelegate.swift; sourceTree = "<group>"; };
		7C754AA0238EA9FB008CAF9D /* SceneDelegate.swift */ = {isa = PBXFileReference; lastKnownFileType = sourcecode.swift; path = SceneDelegate.swift; sourceTree = "<group>"; };
		7C754AA8238EA9FB008CAF9D /* PersistentLesson2.xcdatamodel */ = {isa = PBXFileReference; lastKnownFileType = wrapper.xcdatamodel; path = PersistentLesson2.xcdatamodel; sourceTree = "<group>"; };
		7C754AAA238EA9FC008CAF9D /* Assets.xcassets */ = {isa = PBXFileReference; lastKnownFileType = folder.assetcatalog; path = Assets.xcassets; sourceTree = "<group>"; };
		7C754AAD238EA9FC008CAF9D /* Base */ = {isa = PBXFileReference; lastKnownFileType = file.storyboard; name = Base; path = Base.lproj/LaunchScreen.storyboard; sourceTree = "<group>"; };
		7C754AAF238EA9FC008CAF9D /* Info.plist */ = {isa = PBXFileReference; lastKnownFileType = text.plist.xml; path = Info.plist; sourceTree = "<group>"; };
		FA20DED9239621DA0066040A /* Post+CoreDataClass.swift */ = {isa = PBXFileReference; lastKnownFileType = sourcecode.swift; path = "Post+CoreDataClass.swift"; sourceTree = "<group>"; };
		FA20DEDA239621DA0066040A /* Post+CoreDataProperties.swift */ = {isa = PBXFileReference; lastKnownFileType = sourcecode.swift; path = "Post+CoreDataProperties.swift"; sourceTree = "<group>"; };
		FA8E170423952A2100D9796B /* DataManager.swift */ = {isa = PBXFileReference; fileEncoding = 4; lastKnownFileType = sourcecode.swift; path = DataManager.swift; sourceTree = "<group>"; };
		FA8E170523952A2100D9796B /* DataManagerProtocol.swift */ = {isa = PBXFileReference; fileEncoding = 4; lastKnownFileType = sourcecode.swift; path = DataManagerProtocol.swift; sourceTree = "<group>"; };
		FA8E170923952A2100D9796B /* CustomImagePostCollectionViewCell.swift */ = {isa = PBXFileReference; fileEncoding = 4; lastKnownFileType = sourcecode.swift; path = CustomImagePostCollectionViewCell.swift; sourceTree = "<group>"; };
		FA8E170A23952A2100D9796B /* CustomImagePostCollectionViewCell.xib */ = {isa = PBXFileReference; fileEncoding = 4; lastKnownFileType = file.xib; path = CustomImagePostCollectionViewCell.xib; sourceTree = "<group>"; };
		FA8E170C23952A2100D9796B /* Base */ = {isa = PBXFileReference; lastKnownFileType = file.storyboard; name = Base; path = Base.lproj/Main.storyboard; sourceTree = "<group>"; };
		FA8E170D23952A2100D9796B /* PostTableViewCell.swift */ = {isa = PBXFileReference; fileEncoding = 4; lastKnownFileType = sourcecode.swift; path = PostTableViewCell.swift; sourceTree = "<group>"; };
		FA8E170E23952A2100D9796B /* PostTableViewCell.xib */ = {isa = PBXFileReference; fileEncoding = 4; lastKnownFileType = file.xib; path = PostTableViewCell.xib; sourceTree = "<group>"; };
		FA8E171023952A2100D9796B /* PostDetailViewController.swift */ = {isa = PBXFileReference; fileEncoding = 4; lastKnownFileType = sourcecode.swift; path = PostDetailViewController.swift; sourceTree = "<group>"; };
		FA8E171123952A2100D9796B /* ProfileViewController.swift */ = {isa = PBXFileReference; fileEncoding = 4; lastKnownFileType = sourcecode.swift; path = ProfileViewController.swift; sourceTree = "<group>"; };
		FA8E1721239532E800D9796B /* PostStructure.swift */ = {isa = PBXFileReference; fileEncoding = 4; lastKnownFileType = sourcecode.swift; path = PostStructure.swift; sourceTree = "<group>"; };
/* End PBXFileReference section */

/* Begin PBXFrameworksBuildPhase section */
		7C754A98238EA9FB008CAF9D /* Frameworks */ = {
			isa = PBXFrameworksBuildPhase;
			buildActionMask = 2147483647;
			files = (
			);
			runOnlyForDeploymentPostprocessing = 0;
		};
/* End PBXFrameworksBuildPhase section */

/* Begin PBXGroup section */
		7C754A92238EA9FB008CAF9D = {
			isa = PBXGroup;
			children = (
				7C754A9D238EA9FB008CAF9D /* PersistentLesson2 */,
				7C754A9C238EA9FB008CAF9D /* Products */,
			);
			sourceTree = "<group>";
		};
		7C754A9C238EA9FB008CAF9D /* Products */ = {
			isa = PBXGroup;
			children = (
				7C754A9B238EA9FB008CAF9D /* PersistentLesson2.app */,
			);
			name = Products;
			sourceTree = "<group>";
		};
		7C754A9D238EA9FB008CAF9D /* PersistentLesson2 */ = {
			isa = PBXGroup;
			children = (
				FA8E170F23952A2100D9796B /* Controller */,
				FA8E170323952A2100D9796B /* Model */,
				FA8E170823952A2100D9796B /* View */,
				7C754A9E238EA9FB008CAF9D /* AppDelegate.swift */,
				7C754AA0238EA9FB008CAF9D /* SceneDelegate.swift */,
				7C754AAA238EA9FC008CAF9D /* Assets.xcassets */,
				7C754AAC238EA9FC008CAF9D /* LaunchScreen.storyboard */,
				7C754AAF238EA9FC008CAF9D /* Info.plist */,
				7C754AA7238EA9FB008CAF9D /* PersistentLesson2.xcdatamodeld */,
			);
			path = PersistentLesson2;
			sourceTree = "<group>";
		};
		FA8E170323952A2100D9796B /* Model */ = {
			isa = PBXGroup;
			children = (
				FA20DED9239621DA0066040A /* Post+CoreDataClass.swift */,
				FA20DEDA239621DA0066040A /* Post+CoreDataProperties.swift */,
				FA8E1721239532E800D9796B /* PostStructure.swift */,
				FA8E170423952A2100D9796B /* DataManager.swift */,
				FA8E170523952A2100D9796B /* DataManagerProtocol.swift */,
			);
			path = Model;
			sourceTree = "<group>";
		};
		FA8E170823952A2100D9796B /* View */ = {
			isa = PBXGroup;
			children = (
				FA8E170923952A2100D9796B /* CustomImagePostCollectionViewCell.swift */,
				FA8E170A23952A2100D9796B /* CustomImagePostCollectionViewCell.xib */,
				FA8E170B23952A2100D9796B /* Main.storyboard */,
				FA8E170D23952A2100D9796B /* PostTableViewCell.swift */,
				FA8E170E23952A2100D9796B /* PostTableViewCell.xib */,
			);
			path = View;
			sourceTree = "<group>";
		};
		FA8E170F23952A2100D9796B /* Controller */ = {
			isa = PBXGroup;
			children = (
				FA8E171023952A2100D9796B /* PostDetailViewController.swift */,
				FA8E171123952A2100D9796B /* ProfileViewController.swift */,
			);
			path = Controller;
			sourceTree = "<group>";
		};
/* End PBXGroup section */

/* Begin PBXNativeTarget section */
		7C754A9A238EA9FB008CAF9D /* PersistentLesson2 */ = {
			isa = PBXNativeTarget;
			buildConfigurationList = 7C754AB2238EA9FC008CAF9D /* Build configuration list for PBXNativeTarget "PersistentLesson2" */;
			buildPhases = (
				7C754A97238EA9FB008CAF9D /* Sources */,
				7C754A98238EA9FB008CAF9D /* Frameworks */,
				7C754A99238EA9FB008CAF9D /* Resources */,
			);
			buildRules = (
			);
			dependencies = (
			);
			name = PersistentLesson2;
			productName = PersistentLesson2;
			productReference = 7C754A9B238EA9FB008CAF9D /* PersistentLesson2.app */;
			productType = "com.apple.product-type.application";
		};
/* End PBXNativeTarget section */

/* Begin PBXProject section */
		7C754A93238EA9FB008CAF9D /* Project object */ = {
			isa = PBXProject;
			attributes = {
				LastSwiftUpdateCheck = 1120;
				LastUpgradeCheck = 1120;
				ORGANIZATIONNAME = "Ildar Zalyalov";
				TargetAttributes = {
					7C754A9A238EA9FB008CAF9D = {
						CreatedOnToolsVersion = 11.2.1;
					};
				};
			};
			buildConfigurationList = 7C754A96238EA9FB008CAF9D /* Build configuration list for PBXProject "PersistentLesson2" */;
			compatibilityVersion = "Xcode 9.3";
			developmentRegion = en;
			hasScannedForEncodings = 0;
			knownRegions = (
				en,
				Base,
			);
			mainGroup = 7C754A92238EA9FB008CAF9D;
			productRefGroup = 7C754A9C238EA9FB008CAF9D /* Products */;
			projectDirPath = "";
			projectRoot = "";
			targets = (
				7C754A9A238EA9FB008CAF9D /* PersistentLesson2 */,
			);
		};
/* End PBXProject section */

/* Begin PBXResourcesBuildPhase section */
		7C754A99238EA9FB008CAF9D /* Resources */ = {
			isa = PBXResourcesBuildPhase;
			buildActionMask = 2147483647;
			files = (
				7C754AAE238EA9FC008CAF9D /* LaunchScreen.storyboard in Resources */,
				FA8E171823952A2100D9796B /* Main.storyboard in Resources */,
				FA8E171723952A2100D9796B /* CustomImagePostCollectionViewCell.xib in Resources */,
				FA8E171A23952A2100D9796B /* PostTableViewCell.xib in Resources */,
				7C754AAB238EA9FC008CAF9D /* Assets.xcassets in Resources */,
			);
			runOnlyForDeploymentPostprocessing = 0;
		};
/* End PBXResourcesBuildPhase section */

/* Begin PBXSourcesBuildPhase section */
		7C754A97238EA9FB008CAF9D /* Sources */ = {
			isa = PBXSourcesBuildPhase;
			buildActionMask = 2147483647;
			files = (
				FA8E171B23952A2100D9796B /* PostDetailViewController.swift in Sources */,
				FA8E171223952A2100D9796B /* DataManager.swift in Sources */,
				FA8E171923952A2100D9796B /* PostTableViewCell.swift in Sources */,
				FA8E1722239532E800D9796B /* PostStructure.swift in Sources */,
				FA20DEDB239621DA0066040A /* Post+CoreDataClass.swift in Sources */,
				FA20DEDC239621DA0066040A /* Post+CoreDataProperties.swift in Sources */,
				7C754AA9238EA9FB008CAF9D /* PersistentLesson2.xcdatamodeld in Sources */,
				FA8E171323952A2100D9796B /* DataManagerProtocol.swift in Sources */,
				FA8E171C23952A2100D9796B /* ProfileViewController.swift in Sources */,
				7C754A9F238EA9FB008CAF9D /* AppDelegate.swift in Sources */,
				7C754AA1238EA9FB008CAF9D /* SceneDelegate.swift in Sources */,
				FA8E171623952A2100D9796B /* CustomImagePostCollectionViewCell.swift in Sources */,
			);
			runOnlyForDeploymentPostprocessing = 0;
		};
/* End PBXSourcesBuildPhase section */

/* Begin PBXVariantGroup section */
		7C754AAC238EA9FC008CAF9D /* LaunchScreen.storyboard */ = {
			isa = PBXVariantGroup;
			children = (
				7C754AAD238EA9FC008CAF9D /* Base */,
			);
			name = LaunchScreen.storyboard;
			sourceTree = "<group>";
		};
		FA8E170B23952A2100D9796B /* Main.storyboard */ = {
			isa = PBXVariantGroup;
			children = (
				FA8E170C23952A2100D9796B /* Base */,
			);
			name = Main.storyboard;
			sourceTree = "<group>";
		};
/* End PBXVariantGroup section */

/* Begin XCBuildConfiguration section */
		7C754AB0238EA9FC008CAF9D /* Debug */ = {
			isa = XCBuildConfiguration;
			buildSettings = {
				ALWAYS_SEARCH_USER_PATHS = NO;
				CLANG_ANALYZER_NONNULL = YES;
				CLANG_ANALYZER_NUMBER_OBJECT_CONVERSION = YES_AGGRESSIVE;
				CLANG_CXX_LANGUAGE_STANDARD = "gnu++14";
				CLANG_CXX_LIBRARY = "libc++";
				CLANG_ENABLE_MODULES = YES;
				CLANG_ENABLE_OBJC_ARC = YES;
				CLANG_ENABLE_OBJC_WEAK = YES;
				CLANG_WARN_BLOCK_CAPTURE_AUTORELEASING = YES;
				CLANG_WARN_BOOL_CONVERSION = YES;
				CLANG_WARN_COMMA = YES;
				CLANG_WARN_CONSTANT_CONVERSION = YES;
				CLANG_WARN_DEPRECATED_OBJC_IMPLEMENTATIONS = YES;
				CLANG_WARN_DIRECT_OBJC_ISA_USAGE = YES_ERROR;
				CLANG_WARN_DOCUMENTATION_COMMENTS = YES;
				CLANG_WARN_EMPTY_BODY = YES;
				CLANG_WARN_ENUM_CONVERSION = YES;
				CLANG_WARN_INFINITE_RECURSION = YES;
				CLANG_WARN_INT_CONVERSION = YES;
				CLANG_WARN_NON_LITERAL_NULL_CONVERSION = YES;
				CLANG_WARN_OBJC_IMPLICIT_RETAIN_SELF = YES;
				CLANG_WARN_OBJC_LITERAL_CONVERSION = YES;
				CLANG_WARN_OBJC_ROOT_CLASS = YES_ERROR;
				CLANG_WARN_RANGE_LOOP_ANALYSIS = YES;
				CLANG_WARN_STRICT_PROTOTYPES = YES;
				CLANG_WARN_SUSPICIOUS_MOVE = YES;
				CLANG_WARN_UNGUARDED_AVAILABILITY = YES_AGGRESSIVE;
				CLANG_WARN_UNREACHABLE_CODE = YES;
				CLANG_WARN__DUPLICATE_METHOD_MATCH = YES;
				COPY_PHASE_STRIP = NO;
				DEBUG_INFORMATION_FORMAT = dwarf;
				ENABLE_STRICT_OBJC_MSGSEND = YES;
				ENABLE_TESTABILITY = YES;
				GCC_C_LANGUAGE_STANDARD = gnu11;
				GCC_DYNAMIC_NO_PIC = NO;
				GCC_NO_COMMON_BLOCKS = YES;
				GCC_OPTIMIZATION_LEVEL = 0;
				GCC_PREPROCESSOR_DEFINITIONS = (
					"DEBUG=1",
					"$(inherited)",
				);
				GCC_WARN_64_TO_32_BIT_CONVERSION = YES;
				GCC_WARN_ABOUT_RETURN_TYPE = YES_ERROR;
				GCC_WARN_UNDECLARED_SELECTOR = YES;
				GCC_WARN_UNINITIALIZED_AUTOS = YES_AGGRESSIVE;
				GCC_WARN_UNUSED_FUNCTION = YES;
				GCC_WARN_UNUSED_VARIABLE = YES;
				IPHONEOS_DEPLOYMENT_TARGET = 13.2;
				MTL_ENABLE_DEBUG_INFO = INCLUDE_SOURCE;
				MTL_FAST_MATH = YES;
				ONLY_ACTIVE_ARCH = YES;
				SDKROOT = iphoneos;
				SWIFT_ACTIVE_COMPILATION_CONDITIONS = DEBUG;
				SWIFT_OPTIMIZATION_LEVEL = "-Onone";
			};
			name = Debug;
		};
		7C754AB1238EA9FC008CAF9D /* Release */ = {
			isa = XCBuildConfiguration;
			buildSettings = {
				ALWAYS_SEARCH_USER_PATHS = NO;
				CLANG_ANALYZER_NONNULL = YES;
				CLANG_ANALYZER_NUMBER_OBJECT_CONVERSION = YES_AGGRESSIVE;
				CLANG_CXX_LANGUAGE_STANDARD = "gnu++14";
				CLANG_CXX_LIBRARY = "libc++";
				CLANG_ENABLE_MODULES = YES;
				CLANG_ENABLE_OBJC_ARC = YES;
				CLANG_ENABLE_OBJC_WEAK = YES;
				CLANG_WARN_BLOCK_CAPTURE_AUTORELEASING = YES;
				CLANG_WARN_BOOL_CONVERSION = YES;
				CLANG_WARN_COMMA = YES;
				CLANG_WARN_CONSTANT_CONVERSION = YES;
				CLANG_WARN_DEPRECATED_OBJC_IMPLEMENTATIONS = YES;
				CLANG_WARN_DIRECT_OBJC_ISA_USAGE = YES_ERROR;
				CLANG_WARN_DOCUMENTATION_COMMENTS = YES;
				CLANG_WARN_EMPTY_BODY = YES;
				CLANG_WARN_ENUM_CONVERSION = YES;
				CLANG_WARN_INFINITE_RECURSION = YES;
				CLANG_WARN_INT_CONVERSION = YES;
				CLANG_WARN_NON_LITERAL_NULL_CONVERSION = YES;
				CLANG_WARN_OBJC_IMPLICIT_RETAIN_SELF = YES;
				CLANG_WARN_OBJC_LITERAL_CONVERSION = YES;
				CLANG_WARN_OBJC_ROOT_CLASS = YES_ERROR;
				CLANG_WARN_RANGE_LOOP_ANALYSIS = YES;
				CLANG_WARN_STRICT_PROTOTYPES = YES;
				CLANG_WARN_SUSPICIOUS_MOVE = YES;
				CLANG_WARN_UNGUARDED_AVAILABILITY = YES_AGGRESSIVE;
				CLANG_WARN_UNREACHABLE_CODE = YES;
				CLANG_WARN__DUPLICATE_METHOD_MATCH = YES;
				COPY_PHASE_STRIP = NO;
				DEBUG_INFORMATION_FORMAT = "dwarf-with-dsym";
				ENABLE_NS_ASSERTIONS = NO;
				ENABLE_STRICT_OBJC_MSGSEND = YES;
				GCC_C_LANGUAGE_STANDARD = gnu11;
				GCC_NO_COMMON_BLOCKS = YES;
				GCC_WARN_64_TO_32_BIT_CONVERSION = YES;
				GCC_WARN_ABOUT_RETURN_TYPE = YES_ERROR;
				GCC_WARN_UNDECLARED_SELECTOR = YES;
				GCC_WARN_UNINITIALIZED_AUTOS = YES_AGGRESSIVE;
				GCC_WARN_UNUSED_FUNCTION = YES;
				GCC_WARN_UNUSED_VARIABLE = YES;
				IPHONEOS_DEPLOYMENT_TARGET = 13.2;
				MTL_ENABLE_DEBUG_INFO = NO;
				MTL_FAST_MATH = YES;
				SDKROOT = iphoneos;
				SWIFT_COMPILATION_MODE = wholemodule;
				SWIFT_OPTIMIZATION_LEVEL = "-O";
				VALIDATE_PRODUCT = YES;
			};
			name = Release;
		};
		7C754AB3238EA9FC008CAF9D /* Debug */ = {
			isa = XCBuildConfiguration;
			buildSettings = {
				ASSETCATALOG_COMPILER_APPICON_NAME = AppIcon;
				CODE_SIGN_STYLE = Automatic;
				INFOPLIST_FILE = PersistentLesson2/Info.plist;
				IPHONEOS_DEPLOYMENT_TARGET = 13.1;
				LD_RUNPATH_SEARCH_PATHS = (
					"$(inherited)",
					"@executable_path/Frameworks",
				);
				PRODUCT_BUNDLE_IDENTIFIER = come.testInAppItits.com.PersistentLesson2;
				PRODUCT_NAME = "$(TARGET_NAME)";
				SWIFT_VERSION = 5.0;
				TARGETED_DEVICE_FAMILY = "1,2";
			};
			name = Debug;
		};
		7C754AB4238EA9FC008CAF9D /* Release */ = {
			isa = XCBuildConfiguration;
			buildSettings = {
				ASSETCATALOG_COMPILER_APPICON_NAME = AppIcon;
				CODE_SIGN_STYLE = Automatic;
				INFOPLIST_FILE = PersistentLesson2/Info.plist;
				IPHONEOS_DEPLOYMENT_TARGET = 13.1;
				LD_RUNPATH_SEARCH_PATHS = (
					"$(inherited)",
					"@executable_path/Frameworks",
				);
				PRODUCT_BUNDLE_IDENTIFIER = come.testInAppItits.com.PersistentLesson2;
				PRODUCT_NAME = "$(TARGET_NAME)";
				SWIFT_VERSION = 5.0;
				TARGETED_DEVICE_FAMILY = "1,2";
			};
			name = Release;
		};
/* End XCBuildConfiguration section */

/* Begin XCConfigurationList section */
		7C754A96238EA9FB008CAF9D /* Build configuration list for PBXProject "PersistentLesson2" */ = {
			isa = XCConfigurationList;
			buildConfigurations = (
				7C754AB0238EA9FC008CAF9D /* Debug */,
				7C754AB1238EA9FC008CAF9D /* Release */,
			);
			defaultConfigurationIsVisible = 0;
			defaultConfigurationName = Release;
		};
		7C754AB2238EA9FC008CAF9D /* Build configuration list for PBXNativeTarget "PersistentLesson2" */ = {
			isa = XCConfigurationList;
			buildConfigurations = (
				7C754AB3238EA9FC008CAF9D /* Debug */,
				7C754AB4238EA9FC008CAF9D /* Release */,
			);
			defaultConfigurationIsVisible = 0;
			defaultConfigurationName = Release;
		};
/* End XCConfigurationList section */

/* Begin XCVersionGroup section */
		7C754AA7238EA9FB008CAF9D /* PersistentLesson2.xcdatamodeld */ = {
			isa = XCVersionGroup;
			children = (
				7C754AA8238EA9FB008CAF9D /* PersistentLesson2.xcdatamodel */,
			);
			currentVersion = 7C754AA8238EA9FB008CAF9D /* PersistentLesson2.xcdatamodel */;
			path = PersistentLesson2.xcdatamodeld;
			sourceTree = "<group>";
			versionGroupType = wrapper.xcdatamodel;
		};
/* End XCVersionGroup section */
	};
	rootObject = 7C754A93238EA9FB008CAF9D /* Project object */;
}
